// !$*UTF8*$!
{
	archiveVersion = 1;
	classes = {
	};
	objectVersion = 50;
	objects = {

/* Begin PBXBuildFile section */
		644B8A5126C265BD0078C727 /* AppDelegate.swift in Sources */ = {isa = PBXBuildFile; fileRef = 644B8A5026C265BD0078C727 /* AppDelegate.swift */; };
		644B8A5326C265BD0078C727 /* SceneDelegate.swift in Sources */ = {isa = PBXBuildFile; fileRef = 644B8A5226C265BD0078C727 /* SceneDelegate.swift */; };
		644B8A5A26C265C40078C727 /* Assets.xcassets in Resources */ = {isa = PBXBuildFile; fileRef = 644B8A5926C265C40078C727 /* Assets.xcassets */; };
		644B8A5D26C265C40078C727 /* LaunchScreen.storyboard in Resources */ = {isa = PBXBuildFile; fileRef = 644B8A5B26C265C40078C727 /* LaunchScreen.storyboard */; };
		644B8A7326C266E30078C727 /* PhotosViewController.swift in Sources */ = {isa = PBXBuildFile; fileRef = 644B8A7126C266E20078C727 /* PhotosViewController.swift */; };
		644B8A7426C266E30078C727 /* PhotoInfoViewController.swift in Sources */ = {isa = PBXBuildFile; fileRef = 644B8A7226C266E20078C727 /* PhotoInfoViewController.swift */; };
		644B8A7826C266F20078C727 /* Photo.swift in Sources */ = {isa = PBXBuildFile; fileRef = 644B8A7726C266F20078C727 /* Photo.swift */; };
		644B8A7B26C266F70078C727 /* PhotoCollectionViewCell.swift in Sources */ = {isa = PBXBuildFile; fileRef = 644B8A7A26C266F70078C727 /* PhotoCollectionViewCell.swift */; };
		644B8A7F26C267010078C727 /* PhotoStore.swift in Sources */ = {isa = PBXBuildFile; fileRef = 644B8A7D26C267000078C727 /* PhotoStore.swift */; };
		644B8A8026C267010078C727 /* ImageStore.swift in Sources */ = {isa = PBXBuildFile; fileRef = 644B8A7E26C267010078C727 /* ImageStore.swift */; };
		644B8A8426C2670C0078C727 /* PhotoDataSource.swift in Sources */ = {isa = PBXBuildFile; fileRef = 644B8A8226C2670C0078C727 /* PhotoDataSource.swift */; };
		644B8A8526C2670C0078C727 /* FlickrAPI.swift in Sources */ = {isa = PBXBuildFile; fileRef = 644B8A8326C2670C0078C727 /* FlickrAPI.swift */; };
		644B8A8826C267190078C727 /* Main.storyboard in Resources */ = {isa = PBXBuildFile; fileRef = 644B8A8726C267190078C727 /* Main.storyboard */; };
/* End PBXBuildFile section */

/* Begin PBXFileReference section */
		644B8A4D26C265BD0078C727 /* Photorama_UIKit.app */ = {isa = PBXFileReference; explicitFileType = wrapper.application; includeInIndex = 0; path = Photorama_UIKit.app; sourceTree = BUILT_PRODUCTS_DIR; };
		644B8A5026C265BD0078C727 /* AppDelegate.swift */ = {isa = PBXFileReference; lastKnownFileType = sourcecode.swift; path = AppDelegate.swift; sourceTree = "<group>"; };
		644B8A5226C265BD0078C727 /* SceneDelegate.swift */ = {isa = PBXFileReference; lastKnownFileType = sourcecode.swift; path = SceneDelegate.swift; sourceTree = "<group>"; };
		644B8A5926C265C40078C727 /* Assets.xcassets */ = {isa = PBXFileReference; lastKnownFileType = folder.assetcatalog; path = Assets.xcassets; sourceTree = "<group>"; };
		644B8A5C26C265C40078C727 /* Base */ = {isa = PBXFileReference; lastKnownFileType = file.storyboard; name = Base; path = Base.lproj/LaunchScreen.storyboard; sourceTree = "<group>"; };
		644B8A5E26C265C40078C727 /* Info.plist */ = {isa = PBXFileReference; lastKnownFileType = text.plist.xml; path = Info.plist; sourceTree = "<group>"; };
		644B8A7126C266E20078C727 /* PhotosViewController.swift */ = {isa = PBXFileReference; fileEncoding = 4; lastKnownFileType = sourcecode.swift; path = PhotosViewController.swift; sourceTree = "<group>"; };
		644B8A7226C266E20078C727 /* PhotoInfoViewController.swift */ = {isa = PBXFileReference; fileEncoding = 4; lastKnownFileType = sourcecode.swift; path = PhotoInfoViewController.swift; sourceTree = "<group>"; };
		644B8A7726C266F20078C727 /* Photo.swift */ = {isa = PBXFileReference; fileEncoding = 4; lastKnownFileType = sourcecode.swift; path = Photo.swift; sourceTree = "<group>"; };
		644B8A7A26C266F70078C727 /* PhotoCollectionViewCell.swift */ = {isa = PBXFileReference; fileEncoding = 4; lastKnownFileType = sourcecode.swift; path = PhotoCollectionViewCell.swift; sourceTree = "<group>"; };
		644B8A7D26C267000078C727 /* PhotoStore.swift */ = {isa = PBXFileReference; fileEncoding = 4; lastKnownFileType = sourcecode.swift; path = PhotoStore.swift; sourceTree = "<group>"; };
		644B8A7E26C267010078C727 /* ImageStore.swift */ = {isa = PBXFileReference; fileEncoding = 4; lastKnownFileType = sourcecode.swift; path = ImageStore.swift; sourceTree = "<group>"; };
		644B8A8226C2670C0078C727 /* PhotoDataSource.swift */ = {isa = PBXFileReference; fileEncoding = 4; lastKnownFileType = sourcecode.swift; path = PhotoDataSource.swift; sourceTree = "<group>"; };
		644B8A8326C2670C0078C727 /* FlickrAPI.swift */ = {isa = PBXFileReference; fileEncoding = 4; lastKnownFileType = sourcecode.swift; path = FlickrAPI.swift; sourceTree = "<group>"; };
		644B8A8726C267190078C727 /* Main.storyboard */ = {isa = PBXFileReference; fileEncoding = 4; lastKnownFileType = file.storyboard; path = Main.storyboard; sourceTree = "<group>"; };
/* End PBXFileReference section */

/* Begin PBXFrameworksBuildPhase section */
		644B8A4A26C265BD0078C727 /* Frameworks */ = {
			isa = PBXFrameworksBuildPhase;
			buildActionMask = 2147483647;
			files = (
			);
			runOnlyForDeploymentPostprocessing = 0;
		};
/* End PBXFrameworksBuildPhase section */

/* Begin PBXGroup section */
		644B8A4426C265BD0078C727 = {
			isa = PBXGroup;
			children = (
				644B8A4F26C265BD0078C727 /* Photorama_UIKit */,
				644B8A4E26C265BD0078C727 /* Products */,
			);
			sourceTree = "<group>";
		};
		644B8A4E26C265BD0078C727 /* Products */ = {
			isa = PBXGroup;
			children = (
				644B8A4D26C265BD0078C727 /* Photorama_UIKit.app */,
			);
			name = Products;
			sourceTree = "<group>";
		};
		644B8A4F26C265BD0078C727 /* Photorama_UIKit */ = {
			isa = PBXGroup;
			children = (
				644B8A6626C266940078C727 /* App */,
				644B8A6826C2669F0078C727 /* View Controller */,
				644B8A6B26C266A70078C727 /* Model */,
				644B8A6D26C266B00078C727 /* View */,
				644B8A6E26C266B70078C727 /* ViewModel */,
				644B8A6F26C266C30078C727 /* Utilities */,
				644B8A8726C267190078C727 /* Main.storyboard */,
				644B8A5926C265C40078C727 /* Assets.xcassets */,
				644B8A5B26C265C40078C727 /* LaunchScreen.storyboard */,
				644B8A5E26C265C40078C727 /* Info.plist */,
			);
			path = Photorama_UIKit;
			sourceTree = "<group>";
		};
		644B8A6626C266940078C727 /* App */ = {
			isa = PBXGroup;
			children = (
				644B8A5026C265BD0078C727 /* AppDelegate.swift */,
				644B8A5226C265BD0078C727 /* SceneDelegate.swift */,
			);
			path = App;
			sourceTree = "<group>";
		};
		644B8A6826C2669F0078C727 /* View Controller */ = {
			isa = PBXGroup;
			children = (
				644B8A7226C266E20078C727 /* PhotoInfoViewController.swift */,
				644B8A7126C266E20078C727 /* PhotosViewController.swift */,
			);
			path = "View Controller";
			sourceTree = "<group>";
		};
		644B8A6B26C266A70078C727 /* Model */ = {
			isa = PBXGroup;
			children = (
				644B8A7726C266F20078C727 /* Photo.swift */,
			);
			path = Model;
			sourceTree = "<group>";
		};
		644B8A6D26C266B00078C727 /* View */ = {
			isa = PBXGroup;
			children = (
				644B8A7A26C266F70078C727 /* PhotoCollectionViewCell.swift */,
			);
			path = View;
			sourceTree = "<group>";
		};
		644B8A6E26C266B70078C727 /* ViewModel */ = {
			isa = PBXGroup;
			children = (
				644B8A7E26C267010078C727 /* ImageStore.swift */,
				644B8A7D26C267000078C727 /* PhotoStore.swift */,
			);
			path = ViewModel;
			sourceTree = "<group>";
		};
		644B8A6F26C266C30078C727 /* Utilities */ = {
			isa = PBXGroup;
			children = (
				644B8A8326C2670C0078C727 /* FlickrAPI.swift */,
				644B8A8226C2670C0078C727 /* PhotoDataSource.swift */,
			);
			path = Utilities;
			sourceTree = "<group>";
		};
/* End PBXGroup section */

/* Begin PBXNativeTarget section */
		644B8A4C26C265BD0078C727 /* Photorama_UIKit */ = {
			isa = PBXNativeTarget;
			buildConfigurationList = 644B8A6126C265C40078C727 /* Build configuration list for PBXNativeTarget "Photorama_UIKit" */;
			buildPhases = (
				644B8A4926C265BD0078C727 /* Sources */,
				644B8A4A26C265BD0078C727 /* Frameworks */,
				644B8A4B26C265BD0078C727 /* Resources */,
			);
			buildRules = (
			);
			dependencies = (
			);
			name = Photorama_UIKit;
			productName = Photorama_UIKit;
			productReference = 644B8A4D26C265BD0078C727 /* Photorama_UIKit.app */;
			productType = "com.apple.product-type.application";
		};
/* End PBXNativeTarget section */

/* Begin PBXProject section */
		644B8A4526C265BD0078C727 /* Project object */ = {
			isa = PBXProject;
			attributes = {
				LastSwiftUpdateCheck = 1240;
				LastUpgradeCheck = 1240;
				TargetAttributes = {
					644B8A4C26C265BD0078C727 = {
						CreatedOnToolsVersion = 12.4;
					};
				};
			};
			buildConfigurationList = 644B8A4826C265BD0078C727 /* Build configuration list for PBXProject "Photorama_UIKit" */;
			compatibilityVersion = "Xcode 9.3";
			developmentRegion = en;
			hasScannedForEncodings = 0;
			knownRegions = (
				en,
				Base,
			);
			mainGroup = 644B8A4426C265BD0078C727;
			productRefGroup = 644B8A4E26C265BD0078C727 /* Products */;
			projectDirPath = "";
			projectRoot = "";
			targets = (
				644B8A4C26C265BD0078C727 /* Photorama_UIKit */,
			);
		};
/* End PBXProject section */

/* Begin PBXResourcesBuildPhase section */
		644B8A4B26C265BD0078C727 /* Resources */ = {
			isa = PBXResourcesBuildPhase;
			buildActionMask = 2147483647;
			files = (
				644B8A5D26C265C40078C727 /* LaunchScreen.storyboard in Resources */,
				644B8A5A26C265C40078C727 /* Assets.xcassets in Resources */,
				644B8A8826C267190078C727 /* Main.storyboard in Resources */,
			);
			runOnlyForDeploymentPostprocessing = 0;
		};
/* End PBXResourcesBuildPhase section */

/* Begin PBXSourcesBuildPhase section */
		644B8A4926C265BD0078C727 /* Sources */ = {
			isa = PBXSourcesBuildPhase;
			buildActionMask = 2147483647;
			files = (
				644B8A8426C2670C0078C727 /* PhotoDataSource.swift in Sources */,
				644B8A7426C266E30078C727 /* PhotoInfoViewController.swift in Sources */,
				644B8A7326C266E30078C727 /* PhotosViewController.swift in Sources */,
				644B8A5126C265BD0078C727 /* AppDelegate.swift in Sources */,
				644B8A8026C267010078C727 /* ImageStore.swift in Sources */,
				644B8A7F26C267010078C727 /* PhotoStore.swift in Sources */,
				644B8A5326C265BD0078C727 /* SceneDelegate.swift in Sources */,
				644B8A7826C266F20078C727 /* Photo.swift in Sources */,
				644B8A7B26C266F70078C727 /* PhotoCollectionViewCell.swift in Sources */,
				644B8A8526C2670C0078C727 /* FlickrAPI.swift in Sources */,
			);
			runOnlyForDeploymentPostprocessing = 0;
		};
/* End PBXSourcesBuildPhase section */

/* Begin PBXVariantGroup section */
		644B8A5B26C265C40078C727 /* LaunchScreen.storyboard */ = {
			isa = PBXVariantGroup;
			children = (
				644B8A5C26C265C40078C727 /* Base */,
			);
			name = LaunchScreen.storyboard;
			sourceTree = "<group>";
		};
/* End PBXVariantGroup section */

/* Begin XCBuildConfiguration section */
		644B8A5F26C265C40078C727 /* Debug */ = {
			isa = XCBuildConfiguration;
			buildSettings = {
				ALWAYS_SEARCH_USER_PATHS = NO;
				CLANG_ANALYZER_NONNULL = YES;
				CLANG_ANALYZER_NUMBER_OBJECT_CONVERSION = YES_AGGRESSIVE;
				CLANG_CXX_LANGUAGE_STANDARD = "gnu++14";
				CLANG_CXX_LIBRARY = "libc++";
				CLANG_ENABLE_MODULES = YES;
				CLANG_ENABLE_OBJC_ARC = YES;
				CLANG_ENABLE_OBJC_WEAK = YES;
				CLANG_WARN_BLOCK_CAPTURE_AUTORELEASING = YES;
				CLANG_WARN_BOOL_CONVERSION = YES;
				CLANG_WARN_COMMA = YES;
				CLANG_WARN_CONSTANT_CONVERSION = YES;
				CLANG_WARN_DEPRECATED_OBJC_IMPLEMENTATIONS = YES;
				CLANG_WARN_DIRECT_OBJC_ISA_USAGE = YES_ERROR;
				CLANG_WARN_DOCUMENTATION_COMMENTS = YES;
				CLANG_WARN_EMPTY_BODY = YES;
				CLANG_WARN_ENUM_CONVERSION = YES;
				CLANG_WARN_INFINITE_RECURSION = YES;
				CLANG_WARN_INT_CONVERSION = YES;
				CLANG_WARN_NON_LITERAL_NULL_CONVERSION = YES;
				CLANG_WARN_OBJC_IMPLICIT_RETAIN_SELF = YES;
				CLANG_WARN_OBJC_LITERAL_CONVERSION = YES;
				CLANG_WARN_OBJC_ROOT_CLASS = YES_ERROR;
				CLANG_WARN_QUOTED_INCLUDE_IN_FRAMEWORK_HEADER = YES;
				CLANG_WARN_RANGE_LOOP_ANALYSIS = YES;
				CLANG_WARN_STRICT_PROTOTYPES = YES;
				CLANG_WARN_SUSPICIOUS_MOVE = YES;
				CLANG_WARN_UNGUARDED_AVAILABILITY = YES_AGGRESSIVE;
				CLANG_WARN_UNREACHABLE_CODE = YES;
				CLANG_WARN__DUPLICATE_METHOD_MATCH = YES;
				COPY_PHASE_STRIP = NO;
				DEBUG_INFORMATION_FORMAT = dwarf;
				ENABLE_STRICT_OBJC_MSGSEND = YES;
				ENABLE_TESTABILITY = YES;
				GCC_C_LANGUAGE_STANDARD = gnu11;
				GCC_DYNAMIC_NO_PIC = NO;
				GCC_NO_COMMON_BLOCKS = YES;
				GCC_OPTIMIZATION_LEVEL = 0;
				GCC_PREPROCESSOR_DEFINITIONS = (
					"DEBUG=1",
					"$(inherited)",
				);
				GCC_WARN_64_TO_32_BIT_CONVERSION = YES;
				GCC_WARN_ABOUT_RETURN_TYPE = YES_ERROR;
				GCC_WARN_UNDECLARED_SELECTOR = YES;
				GCC_WARN_UNINITIALIZED_AUTOS = YES_AGGRESSIVE;
				GCC_WARN_UNUSED_FUNCTION = YES;
				GCC_WARN_UNUSED_VARIABLE = YES;
				IPHONEOS_DEPLOYMENT_TARGET = 14.4;
				MTL_ENABLE_DEBUG_INFO = INCLUDE_SOURCE;
				MTL_FAST_MATH = YES;
				ONLY_ACTIVE_ARCH = YES;
				SDKROOT = iphoneos;
				SWIFT_ACTIVE_COMPILATION_CONDITIONS = DEBUG;
				SWIFT_OPTIMIZATION_LEVEL = "-Onone";
			};
			name = Debug;
		};
		644B8A6026C265C40078C727 /* Release */ = {
			isa = XCBuildConfiguration;
			buildSettings = {
				ALWAYS_SEARCH_USER_PATHS = NO;
				CLANG_ANALYZER_NONNULL = YES;
				CLANG_ANALYZER_NUMBER_OBJECT_CONVERSION = YES_AGGRESSIVE;
				CLANG_CXX_LANGUAGE_STANDARD = "gnu++14";
				CLANG_CXX_LIBRARY = "libc++";
				CLANG_ENABLE_MODULES = YES;
				CLANG_ENABLE_OBJC_ARC = YES;
				CLANG_ENABLE_OBJC_WEAK = YES;
				CLANG_WARN_BLOCK_CAPTURE_AUTORELEASING = YES;
				CLANG_WARN_BOOL_CONVERSION = YES;
				CLANG_WARN_COMMA = YES;
				CLANG_WARN_CONSTANT_CONVERSION = YES;
				CLANG_WARN_DEPRECATED_OBJC_IMPLEMENTATIONS = YES;
				CLANG_WARN_DIRECT_OBJC_ISA_USAGE = YES_ERROR;
				CLANG_WARN_DOCUMENTATION_COMMENTS = YES;
				CLANG_WARN_EMPTY_BODY = YES;
				CLANG_WARN_ENUM_CONVERSION = YES;
				CLANG_WARN_INFINITE_RECURSION = YES;
				CLANG_WARN_INT_CONVERSION = YES;
				CLANG_WARN_NON_LITERAL_NULL_CONVERSION = YES;
				CLANG_WARN_OBJC_IMPLICIT_RETAIN_SELF = YES;
				CLANG_WARN_OBJC_LITERAL_CONVERSION = YES;
				CLANG_WARN_OBJC_ROOT_CLASS = YES_ERROR;
				CLANG_WARN_QUOTED_INCLUDE_IN_FRAMEWORK_HEADER = YES;
				CLANG_WARN_RANGE_LOOP_ANALYSIS = YES;
				CLANG_WARN_STRICT_PROTOTYPES = YES;
				CLANG_WARN_SUSPICIOUS_MOVE = YES;
				CLANG_WARN_UNGUARDED_AVAILABILITY = YES_AGGRESSIVE;
				CLANG_WARN_UNREACHABLE_CODE = YES;
				CLANG_WARN__DUPLICATE_METHOD_MATCH = YES;
				COPY_PHASE_STRIP = NO;
				DEBUG_INFORMATION_FORMAT = "dwarf-with-dsym";
				ENABLE_NS_ASSERTIONS = NO;
				ENABLE_STRICT_OBJC_MSGSEND = YES;
				GCC_C_LANGUAGE_STANDARD = gnu11;
				GCC_NO_COMMON_BLOCKS = YES;
				GCC_WARN_64_TO_32_BIT_CONVERSION = YES;
				GCC_WARN_ABOUT_RETURN_TYPE = YES_ERROR;
				GCC_WARN_UNDECLARED_SELECTOR = YES;
				GCC_WARN_UNINITIALIZED_AUTOS = YES_AGGRESSIVE;
				GCC_WARN_UNUSED_FUNCTION = YES;
				GCC_WARN_UNUSED_VARIABLE = YES;
				IPHONEOS_DEPLOYMENT_TARGET = 14.4;
				MTL_ENABLE_DEBUG_INFO = NO;
				MTL_FAST_MATH = YES;
				SDKROOT = iphoneos;
				SWIFT_COMPILATION_MODE = wholemodule;
				SWIFT_OPTIMIZATION_LEVEL = "-O";
				VALIDATE_PRODUCT = YES;
			};
			name = Release;
		};
		644B8A6226C265C40078C727 /* Debug */ = {
			isa = XCBuildConfiguration;
			buildSettings = {
				ASSETCATALOG_COMPILER_APPICON_NAME = AppIcon;
				ASSETCATALOG_COMPILER_GLOBAL_ACCENT_COLOR_NAME = AccentColor;
				CODE_SIGN_STYLE = Automatic;
				INFOPLIST_FILE = Photorama_UIKit/Info.plist;
				LD_RUNPATH_SEARCH_PATHS = (
					"$(inherited)",
					"@executable_path/Frameworks",
				);
				PRODUCT_BUNDLE_IDENTIFIER = "learn.shendy.Photorama-UIKit";
				PRODUCT_NAME = "$(TARGET_NAME)";
				SWIFT_VERSION = 5.0;
				TARGETED_DEVICE_FAMILY = 1;
			};
			name = Debug;
		};
		644B8A6326C265C40078C727 /* Release */ = {
			isa = XCBuildConfiguration;
			buildSettings = {
				ASSETCATALOG_COMPILER_APPICON_NAME = AppIcon;
				ASSETCATALOG_COMPILER_GLOBAL_ACCENT_COLOR_NAME = AccentColor;
				CODE_SIGN_STYLE = Automatic;
				INFOPLIST_FILE = Photorama_UIKit/Info.plist;
				LD_RUNPATH_SEARCH_PATHS = (
					"$(inherited)",
					"@executable_path/Frameworks",
				);
				PRODUCT_BUNDLE_IDENTIFIER = "learn.shendy.Photorama-UIKit";
				PRODUCT_NAME = "$(TARGET_NAME)";
				SWIFT_VERSION = 5.0;
				TARGETED_DEVICE_FAMILY = 1;
			};
			name = Release;
		};
/* End XCBuildConfiguration section */

/* Begin XCConfigurationList section */
		644B8A4826C265BD0078C727 /* Build configuration list for PBXProject "Photorama_UIKit" */ = {
			isa = XCConfigurationList;
			buildConfigurations = (
				644B8A5F26C265C40078C727 /* Debug */,
				644B8A6026C265C40078C727 /* Release */,
			);
			defaultConfigurationIsVisible = 0;
			defaultConfigurationName = Release;
		};
		644B8A6126C265C40078C727 /* Build configuration list for PBXNativeTarget "Photorama_UIKit" */ = {
			isa = XCConfigurationList;
			buildConfigurations = (
				644B8A6226C265C40078C727 /* Debug */,
				644B8A6326C265C40078C727 /* Release */,
			);
			defaultConfigurationIsVisible = 0;
			defaultConfigurationName = Release;
		};
/* End XCConfigurationList section */
	};
	rootObject = 644B8A4526C265BD0078C727 /* Project object */;
}
